
Microsoft Visual Studio Solution File, Format Version 12.00
# Visual Studio Version 16
VisualStudioVersion = 16.0.28803.156
MinimumVisualStudioVersion = 10.0.40219.1
Project("{FAE04EC0-301F-11D3-BF4B-00C04F79EFBC}") = "A05_System", "A05_System\A05_System.csproj", "{FE15D6A7-DA1F-46EA-A615-B2C70ADE9428}"
EndProject
Project("{FAE04EC0-301F-11D3-BF4B-00C04F79EFBC}") = "A05_System.Data", "A05_System.Data\A05_System.Data.csproj", "{35478EC7-87CE-4B89-9823-F288AE5D8F26}"
EndProject
Project("{FAE04EC0-301F-11D3-BF4B-00C04F79EFBC}") = "StarTED_Lab", "StarTED_Lab\StarTED_Lab.csproj", "{90C21BA2-D5C2-411E-A6E8-C0151FFFDC5D}"
EndProject
Global
	GlobalSection(SolutionConfigurationPlatforms) = preSolution
		Debug|Any CPU = Debug|Any CPU
		Release|Any CPU = Release|Any CPU
	EndGlobalSection
	GlobalSection(ProjectConfigurationPlatforms) = postSolution
		{FE15D6A7-DA1F-46EA-A615-B2C70ADE9428}.Debug|Any CPU.ActiveCfg = Debug|Any CPU
		{FE15D6A7-DA1F-46EA-A615-B2C70ADE9428}.Debug|Any CPU.Build.0 = Debug|Any CPU
		{FE15D6A7-DA1F-46EA-A615-B2C70ADE9428}.Release|Any CPU.ActiveCfg = Release|Any CPU
		{FE15D6A7-DA1F-46EA-A615-B2C70ADE9428}.Release|Any CPU.Build.0 = Release|Any CPU
		{35478EC7-87CE-4B89-9823-F288AE5D8F26}.Debug|Any CPU.ActiveCfg = Debug|Any CPU
		{35478EC7-87CE-4B89-9823-F288AE5D8F26}.Debug|Any CPU.Build.0 = Debug|Any CPU
		{35478EC7-87CE-4B89-9823-F288AE5D8F26}.Release|Any CPU.ActiveCfg = Release|Any CPU
		{35478EC7-87CE-4B89-9823-F288AE5D8F26}.Release|Any CPU.Build.0 = Release|Any CPU
		{90C21BA2-D5C2-411E-A6E8-C0151FFFDC5D}.Debug|Any CPU.ActiveCfg = Debug|Any CPU
		{90C21BA2-D5C2-411E-A6E8-C0151FFFDC5D}.Debug|Any CPU.Build.0 = Debug|Any CPU
		{90C21BA2-D5C2-411E-A6E8-C0151FFFDC5D}.Release|Any CPU.ActiveCfg = Release|Any CPU
		{90C21BA2-D5C2-411E-A6E8-C0151FFFDC5D}.Release|Any CPU.Build.0 = Release|Any CPU
	EndGlobalSection
	GlobalSection(SolutionProperties) = preSolution
		HideSolutionNode = FALSE
	EndGlobalSection
	GlobalSection(ExtensibilityGlobals) = postSolution
		SolutionGuid = {53DD2320-B5F4-4299-821B-F61298F984C4}
	EndGlobalSection
EndGlobal
