
Microsoft Visual Studio Solution File, Format Version 12.00
# Visual Studio 15
VisualStudioVersion = 15.0.27703.2026
MinimumVisualStudioVersion = 10.0.40219.1
Project("{FAE04EC0-301F-11D3-BF4B-00C04F79EFBC}") = "StarTED_Lab", "StarTED_Lab\StarTED_Lab.csproj", "{31E54049-3F76-4665-9831-88BEE4E03FAE}"
EndProject
Project("{FAE04EC0-301F-11D3-BF4B-00C04F79EFBC}") = "FormA", "FormA\FormA.csproj", "{35B8AE26-DC37-466C-B066-73420B97A631}"
EndProject
Project("{FAE04EC0-301F-11D3-BF4B-00C04F79EFBC}") = "FormA.Data", "FormA.Data\FormA.Data.csproj", "{52B79525-D40C-4C03-88FA-AD22F114C1E1}"
EndProject
Global
	GlobalSection(SolutionConfigurationPlatforms) = preSolution
		Debug|Any CPU = Debug|Any CPU
		Release|Any CPU = Release|Any CPU
	EndGlobalSection
	GlobalSection(ProjectConfigurationPlatforms) = postSolution
		{31E54049-3F76-4665-9831-88BEE4E03FAE}.Debug|Any CPU.ActiveCfg = Debug|Any CPU
		{31E54049-3F76-4665-9831-88BEE4E03FAE}.Debug|Any CPU.Build.0 = Debug|Any CPU
		{31E54049-3F76-4665-9831-88BEE4E03FAE}.Release|Any CPU.ActiveCfg = Release|Any CPU
		{31E54049-3F76-4665-9831-88BEE4E03FAE}.Release|Any CPU.Build.0 = Release|Any CPU
		{35B8AE26-DC37-466C-B066-73420B97A631}.Debug|Any CPU.ActiveCfg = Debug|Any CPU
		{35B8AE26-DC37-466C-B066-73420B97A631}.Debug|Any CPU.Build.0 = Debug|Any CPU
		{35B8AE26-DC37-466C-B066-73420B97A631}.Release|Any CPU.ActiveCfg = Release|Any CPU
		{35B8AE26-DC37-466C-B066-73420B97A631}.Release|Any CPU.Build.0 = Release|Any CPU
		{52B79525-D40C-4C03-88FA-AD22F114C1E1}.Debug|Any CPU.ActiveCfg = Debug|Any CPU
		{52B79525-D40C-4C03-88FA-AD22F114C1E1}.Debug|Any CPU.Build.0 = Debug|Any CPU
		{52B79525-D40C-4C03-88FA-AD22F114C1E1}.Release|Any CPU.ActiveCfg = Release|Any CPU
		{52B79525-D40C-4C03-88FA-AD22F114C1E1}.Release|Any CPU.Build.0 = Release|Any CPU
	EndGlobalSection
	GlobalSection(SolutionProperties) = preSolution
		HideSolutionNode = FALSE
	EndGlobalSection
	GlobalSection(ExtensibilityGlobals) = postSolution
		SolutionGuid = {95AFFC2D-166E-4CB1-A178-26466AB15FE9}
	EndGlobalSection
EndGlobal
