
Microsoft Visual Studio Solution File, Format Version 12.00
# Visual Studio 15
VisualStudioVersion = 15.0.27703.2026
MinimumVisualStudioVersion = 10.0.40219.1
Project("{FAE04EC0-301F-11D3-BF4B-00C04F79EFBC}") = "WebApp", "WebApp\WebApp.csproj", "{3E6EA3B2-5D3F-4F2C-B590-03493B70BC4C}"
EndProject
Project("{FAE04EC0-301F-11D3-BF4B-00C04F79EFBC}") = "NorthwindSystem", "NorthwindSystem\NorthwindSystem.csproj", "{6E1389D1-2F74-4AC5-AC64-58F7FA9E819F}"
EndProject
Project("{FAE04EC0-301F-11D3-BF4B-00C04F79EFBC}") = "NorthwindSystem.Data", "NorthwindSystem.Data\NorthwindSystem.Data.csproj", "{EF4042B1-E115-41ED-AE0E-AD7F9098918A}"
EndProject
Global
	GlobalSection(SolutionConfigurationPlatforms) = preSolution
		Debug|Any CPU = Debug|Any CPU
		Release|Any CPU = Release|Any CPU
	EndGlobalSection
	GlobalSection(ProjectConfigurationPlatforms) = postSolution
		{3E6EA3B2-5D3F-4F2C-B590-03493B70BC4C}.Debug|Any CPU.ActiveCfg = Debug|Any CPU
		{3E6EA3B2-5D3F-4F2C-B590-03493B70BC4C}.Debug|Any CPU.Build.0 = Debug|Any CPU
		{3E6EA3B2-5D3F-4F2C-B590-03493B70BC4C}.Release|Any CPU.ActiveCfg = Release|Any CPU
		{3E6EA3B2-5D3F-4F2C-B590-03493B70BC4C}.Release|Any CPU.Build.0 = Release|Any CPU
		{6E1389D1-2F74-4AC5-AC64-58F7FA9E819F}.Debug|Any CPU.ActiveCfg = Debug|Any CPU
		{6E1389D1-2F74-4AC5-AC64-58F7FA9E819F}.Debug|Any CPU.Build.0 = Debug|Any CPU
		{6E1389D1-2F74-4AC5-AC64-58F7FA9E819F}.Release|Any CPU.ActiveCfg = Release|Any CPU
		{6E1389D1-2F74-4AC5-AC64-58F7FA9E819F}.Release|Any CPU.Build.0 = Release|Any CPU
		{EF4042B1-E115-41ED-AE0E-AD7F9098918A}.Debug|Any CPU.ActiveCfg = Debug|Any CPU
		{EF4042B1-E115-41ED-AE0E-AD7F9098918A}.Debug|Any CPU.Build.0 = Debug|Any CPU
		{EF4042B1-E115-41ED-AE0E-AD7F9098918A}.Release|Any CPU.ActiveCfg = Release|Any CPU
		{EF4042B1-E115-41ED-AE0E-AD7F9098918A}.Release|Any CPU.Build.0 = Release|Any CPU
	EndGlobalSection
	GlobalSection(SolutionProperties) = preSolution
		HideSolutionNode = FALSE
	EndGlobalSection
	GlobalSection(ExtensibilityGlobals) = postSolution
		SolutionGuid = {35C3C782-F6D7-4927-8538-48AFA2B83F37}
	EndGlobalSection
EndGlobal
